dependencies:
- name: lagoon-build-deploy
  repository: https://uselagoon.github.io/lagoon-charts/
  version: 0.24.0
- name: dioscuri
  repository: https://amazeeio.github.io/charts/
  version: 0.4.1
- name: dbaas-operator
  repository: https://amazeeio.github.io/charts/
  version: 0.3.0
- name: nats
  repository: https://nats-io.github.io/k8s/helm/charts/
  version: 0.19.17
digest: sha256:5bf74bd117c2e5ae31d4084a588c52dd9408bbcc54cd0c86abf763d35f583412
generated: "2023-07-28T09:49:56.393491706+08:00"
