dependencies:
- name: lagoon-build-deploy
  repository: https://uselagoon.github.io/lagoon-charts/
  version: 0.18.0
- name: dioscuri
  repository: https://amazeeio.github.io/charts/
  version: 0.4.1
- name: dbaas-operator
  repository: https://amazeeio.github.io/charts/
  version: 0.3.0
- name: nats
  repository: https://nats-io.github.io/k8s/helm/charts/
  version: 0.18.2
digest: sha256:20ad0e5df3c30e32d133f228812ee159747b57f63cc2d16a065b5e00cbc89b8f
generated: "2022-11-23T16:27:46.243226121+11:00"
